
Microsoft Visual Studio Solution File, Format Version 10.00
# Visual Studio 2008
Project("{FAE04EC0-301F-11D3-BF4B-00C04F79EFBC}") = "HighPerformanceUDP", "HighPerformanceUDP\HighPerformanceUDP.csproj", "{CD7919BA-00FB-49D6-A80E-41423A589C0E}"
EndProject
Project("{FAE04EC0-301F-11D3-BF4B-00C04F79EFBC}") = "Client", "Client\Client.csproj", "{8269631A-C702-4801-A0FE-1CD41ACCE2C9}"
EndProject
Project("{FAE04EC0-301F-11D3-BF4B-00C04F79EFBC}") = "UdpPacketLibrary", "UdpPacketLibrary\UdpPacketLibrary.csproj", "{C48AEAC0-49C5-4ADD-84C2-5297170A08DB}"
EndProject
Project("{FAE04EC0-301F-11D3-BF4B-00C04F79EFBC}") = "UDPServerPacket", "UDPServerPacket\UDPServerPacket.csproj", "{DF703609-1C0A-4FBC-95BA-0C5CC701ADCB}"
EndProject
Project("{FAE04EC0-301F-11D3-BF4B-00C04F79EFBC}") = "UDPClientPacket", "UDPClientPacket\UDPClientPacket.csproj", "{BEE0F52D-8BC5-4029-BF1A-8961F626248A}"
EndProject
Project("{FAE04EC0-301F-11D3-BF4B-00C04F79EFBC}") = "UDPClientServerCommons", "UDPClientServerCommons\UDPClientServerCommons.csproj", "{EF3837A5-0144-427F-8E75-56B017A008F6}"
EndProject
Project("{FAE04EC0-301F-11D3-BF4B-00C04F79EFBC}") = "UnitTesting", "UnitTesting\UnitTesting.csproj", "{060B037E-64A3-4232-9F24-5641A7C51F88}"
EndProject
Project("{FAE04EC0-301F-11D3-BF4B-00C04F79EFBC}") = "ServerHost", "ServerHost\ServerHost.csproj", "{829CA763-0A96-4B22-9341-BAE104E99919}"
EndProject
Global
	GlobalSection(SolutionConfigurationPlatforms) = preSolution
		Debug|Any CPU = Debug|Any CPU
		Release|Any CPU = Release|Any CPU
	EndGlobalSection
	GlobalSection(ProjectConfigurationPlatforms) = postSolution
		{CD7919BA-00FB-49D6-A80E-41423A589C0E}.Debug|Any CPU.ActiveCfg = Debug|Any CPU
		{CD7919BA-00FB-49D6-A80E-41423A589C0E}.Debug|Any CPU.Build.0 = Debug|Any CPU
		{CD7919BA-00FB-49D6-A80E-41423A589C0E}.Release|Any CPU.ActiveCfg = Release|Any CPU
		{CD7919BA-00FB-49D6-A80E-41423A589C0E}.Release|Any CPU.Build.0 = Release|Any CPU
		{8269631A-C702-4801-A0FE-1CD41ACCE2C9}.Debug|Any CPU.ActiveCfg = Debug|Any CPU
		{8269631A-C702-4801-A0FE-1CD41ACCE2C9}.Debug|Any CPU.Build.0 = Debug|Any CPU
		{8269631A-C702-4801-A0FE-1CD41ACCE2C9}.Release|Any CPU.ActiveCfg = Release|Any CPU
		{8269631A-C702-4801-A0FE-1CD41ACCE2C9}.Release|Any CPU.Build.0 = Release|Any CPU
		{C48AEAC0-49C5-4ADD-84C2-5297170A08DB}.Debug|Any CPU.ActiveCfg = Debug|Any CPU
		{C48AEAC0-49C5-4ADD-84C2-5297170A08DB}.Debug|Any CPU.Build.0 = Debug|Any CPU
		{C48AEAC0-49C5-4ADD-84C2-5297170A08DB}.Release|Any CPU.ActiveCfg = Release|Any CPU
		{C48AEAC0-49C5-4ADD-84C2-5297170A08DB}.Release|Any CPU.Build.0 = Release|Any CPU
		{DF703609-1C0A-4FBC-95BA-0C5CC701ADCB}.Debug|Any CPU.ActiveCfg = Debug|Any CPU
		{DF703609-1C0A-4FBC-95BA-0C5CC701ADCB}.Debug|Any CPU.Build.0 = Debug|Any CPU
		{DF703609-1C0A-4FBC-95BA-0C5CC701ADCB}.Release|Any CPU.ActiveCfg = Release|Any CPU
		{DF703609-1C0A-4FBC-95BA-0C5CC701ADCB}.Release|Any CPU.Build.0 = Release|Any CPU
		{BEE0F52D-8BC5-4029-BF1A-8961F626248A}.Debug|Any CPU.ActiveCfg = Debug|Any CPU
		{BEE0F52D-8BC5-4029-BF1A-8961F626248A}.Debug|Any CPU.Build.0 = Debug|Any CPU
		{BEE0F52D-8BC5-4029-BF1A-8961F626248A}.Release|Any CPU.ActiveCfg = Release|Any CPU
		{BEE0F52D-8BC5-4029-BF1A-8961F626248A}.Release|Any CPU.Build.0 = Release|Any CPU
		{EF3837A5-0144-427F-8E75-56B017A008F6}.Debug|Any CPU.ActiveCfg = Debug|Any CPU
		{EF3837A5-0144-427F-8E75-56B017A008F6}.Debug|Any CPU.Build.0 = Debug|Any CPU
		{EF3837A5-0144-427F-8E75-56B017A008F6}.Release|Any CPU.ActiveCfg = Release|Any CPU
		{EF3837A5-0144-427F-8E75-56B017A008F6}.Release|Any CPU.Build.0 = Release|Any CPU
		{060B037E-64A3-4232-9F24-5641A7C51F88}.Debug|Any CPU.ActiveCfg = Debug|Any CPU
		{060B037E-64A3-4232-9F24-5641A7C51F88}.Debug|Any CPU.Build.0 = Debug|Any CPU
		{060B037E-64A3-4232-9F24-5641A7C51F88}.Release|Any CPU.ActiveCfg = Release|Any CPU
		{060B037E-64A3-4232-9F24-5641A7C51F88}.Release|Any CPU.Build.0 = Release|Any CPU
		{829CA763-0A96-4B22-9341-BAE104E99919}.Debug|Any CPU.ActiveCfg = Debug|Any CPU
		{829CA763-0A96-4B22-9341-BAE104E99919}.Debug|Any CPU.Build.0 = Debug|Any CPU
		{829CA763-0A96-4B22-9341-BAE104E99919}.Release|Any CPU.ActiveCfg = Release|Any CPU
		{829CA763-0A96-4B22-9341-BAE104E99919}.Release|Any CPU.Build.0 = Release|Any CPU
	EndGlobalSection
	GlobalSection(SolutionProperties) = preSolution
		HideSolutionNode = FALSE
	EndGlobalSection
EndGlobal
